
Microsoft Visual Studio Solution File, Format Version 12.00
# Visual Studio Version 16
VisualStudioVersion = 16.0.34031.81
MinimumVisualStudioVersion = 10.0.40219.1
Project("{FAE04EC0-301F-11D3-BF4B-00C04F79EFBC}") = "Aplicación final", "Aplicación final\Aplicación final.csproj", "{C8C3F83F-155A-4B4B-9D36-ECBFF48F8FE7}"
EndProject
Global
	GlobalSection(SolutionConfigurationPlatforms) = preSolution
		Debug|Any CPU = Debug|Any CPU
		Release|Any CPU = Release|Any CPU
	EndGlobalSection
	GlobalSection(ProjectConfigurationPlatforms) = postSolution
		{C8C3F83F-155A-4B4B-9D36-ECBFF48F8FE7}.Debug|Any CPU.ActiveCfg = Debug|Any CPU
		{C8C3F83F-155A-4B4B-9D36-ECBFF48F8FE7}.Debug|Any CPU.Build.0 = Debug|Any CPU
		{C8C3F83F-155A-4B4B-9D36-ECBFF48F8FE7}.Release|Any CPU.ActiveCfg = Release|Any CPU
		{C8C3F83F-155A-4B4B-9D36-ECBFF48F8FE7}.Release|Any CPU.Build.0 = Release|Any CPU
	EndGlobalSection
	GlobalSection(SolutionProperties) = preSolution
		HideSolutionNode = FALSE
	EndGlobalSection
	GlobalSection(ExtensibilityGlobals) = postSolution
		SolutionGuid = {15A01A15-8632-4238-A3DF-82227240C81B}
	EndGlobalSection
EndGlobal
